
Microsoft Visual Studio Solution File, Format Version 12.00
# Visual Studio 2013
VisualStudioVersion = 12.0.30110.0
MinimumVisualStudioVersion = 10.0.40219.1
Project("{2150E333-8FDC-42A3-9474-1A3956D46DE8}") = ".nuget", ".nuget", "{09DEED55-B936-4C29-AC45-6844080C025D}"
	ProjectSection(SolutionItems) = preProject
		.nuget\NEventStore.Persistence.Sql.nuspec = .nuget\NEventStore.Persistence.Sql.nuspec
		.nuget\NuGet.Config = .nuget\NuGet.Config
		.nuget\NuGet.exe = .nuget\NuGet.exe
		.nuget\NuGet.targets = .nuget\NuGet.targets
	EndProjectSection
EndProject
Project("{FAE04EC0-301F-11D3-BF4B-00C04F79EFBC}") = "NEventStore", "..\dependencies\NEventStore\src\NEventStore\NEventStore.csproj", "{03946843-F343-419C-88EF-3E446D08DFA6}"
EndProject
Project("{FAE04EC0-301F-11D3-BF4B-00C04F79EFBC}") = "NEventStore.Persistence.Sql", "NEventStore.Persistence.Sql\NEventStore.Persistence.Sql.csproj", "{F9E7FD69-0818-48CA-9249-5387739E1B6A}"
EndProject
Project("{FAE04EC0-301F-11D3-BF4B-00C04F79EFBC}") = "NEventStore.Persistence.AcceptanceTests", "..\dependencies\NEventStore\src\NEventStore.Persistence.AcceptanceTests\NEventStore.Persistence.AcceptanceTests.csproj", "{3FE594FE-16FF-4405-97D5-5A58FB12520B}"
EndProject
Project("{FAE04EC0-301F-11D3-BF4B-00C04F79EFBC}") = "NEventStore.Persistence.MsSql.Tests", "NEventStore.Persistence.MsSql.Tests\NEventStore.Persistence.MsSql.Tests.csproj", "{79D255F6-B001-425E-B3BF-CBF1E9A884B9}"
EndProject
Project("{FAE04EC0-301F-11D3-BF4B-00C04F79EFBC}") = "NEventStore.Persistence.MySql.Tests", "NEventStore.Persistence.MySql.Tests\NEventStore.Persistence.MySql.Tests.csproj", "{6073E59E-589B-4DC1-8073-0B3E462E825A}"
EndProject
Project("{FAE04EC0-301F-11D3-BF4B-00C04F79EFBC}") = "NEventStore.Persistence.Oracle.Tests", "NEventStore.Persistence.Oracle.Tests\NEventStore.Persistence.Oracle.Tests.csproj", "{860604D7-63EA-4F57-815B-57DF4830F212}"
EndProject
Project("{FAE04EC0-301F-11D3-BF4B-00C04F79EFBC}") = "NEventStore.Persistence.PostgreSql.Tests", "NEventStore.Persistence.PostgreSql.Tests\NEventStore.Persistence.PostgreSql.Tests.csproj", "{770FE444-6CC3-44D0-950E-EAF6B7CF7382}"
EndProject
Project("{FAE04EC0-301F-11D3-BF4B-00C04F79EFBC}") = "NEventStore.Persistence.Sqlite.Tests", "NEventStore.Persistence.Sqlite.Tests\NEventStore.Persistence.Sqlite.Tests.csproj", "{DE2428C7-5F47-4541-9727-B3AACB14DCD6}"
EndProject
Global
	GlobalSection(SolutionConfigurationPlatforms) = preSolution
		Debug|Any CPU = Debug|Any CPU
		Release|Any CPU = Release|Any CPU
	EndGlobalSection
	GlobalSection(ProjectConfigurationPlatforms) = postSolution
		{03946843-F343-419C-88EF-3E446D08DFA6}.Debug|Any CPU.ActiveCfg = Debug|Any CPU
		{03946843-F343-419C-88EF-3E446D08DFA6}.Debug|Any CPU.Build.0 = Debug|Any CPU
		{03946843-F343-419C-88EF-3E446D08DFA6}.Release|Any CPU.ActiveCfg = Release|Any CPU
		{03946843-F343-419C-88EF-3E446D08DFA6}.Release|Any CPU.Build.0 = Release|Any CPU
		{F9E7FD69-0818-48CA-9249-5387739E1B6A}.Debug|Any CPU.ActiveCfg = Debug|Any CPU
		{F9E7FD69-0818-48CA-9249-5387739E1B6A}.Debug|Any CPU.Build.0 = Debug|Any CPU
		{F9E7FD69-0818-48CA-9249-5387739E1B6A}.Release|Any CPU.ActiveCfg = Release|Any CPU
		{F9E7FD69-0818-48CA-9249-5387739E1B6A}.Release|Any CPU.Build.0 = Release|Any CPU
		{3FE594FE-16FF-4405-97D5-5A58FB12520B}.Debug|Any CPU.ActiveCfg = Debug|Any CPU
		{3FE594FE-16FF-4405-97D5-5A58FB12520B}.Debug|Any CPU.Build.0 = Debug|Any CPU
		{3FE594FE-16FF-4405-97D5-5A58FB12520B}.Release|Any CPU.ActiveCfg = Release|Any CPU
		{3FE594FE-16FF-4405-97D5-5A58FB12520B}.Release|Any CPU.Build.0 = Release|Any CPU
		{79D255F6-B001-425E-B3BF-CBF1E9A884B9}.Debug|Any CPU.ActiveCfg = Debug|Any CPU
		{79D255F6-B001-425E-B3BF-CBF1E9A884B9}.Debug|Any CPU.Build.0 = Debug|Any CPU
		{79D255F6-B001-425E-B3BF-CBF1E9A884B9}.Release|Any CPU.ActiveCfg = Release|Any CPU
		{79D255F6-B001-425E-B3BF-CBF1E9A884B9}.Release|Any CPU.Build.0 = Release|Any CPU
		{6073E59E-589B-4DC1-8073-0B3E462E825A}.Debug|Any CPU.ActiveCfg = Debug|Any CPU
		{6073E59E-589B-4DC1-8073-0B3E462E825A}.Debug|Any CPU.Build.0 = Debug|Any CPU
		{6073E59E-589B-4DC1-8073-0B3E462E825A}.Release|Any CPU.ActiveCfg = Release|Any CPU
		{6073E59E-589B-4DC1-8073-0B3E462E825A}.Release|Any CPU.Build.0 = Release|Any CPU
		{860604D7-63EA-4F57-815B-57DF4830F212}.Debug|Any CPU.ActiveCfg = Debug|Any CPU
		{860604D7-63EA-4F57-815B-57DF4830F212}.Debug|Any CPU.Build.0 = Debug|Any CPU
		{860604D7-63EA-4F57-815B-57DF4830F212}.Release|Any CPU.ActiveCfg = Release|Any CPU
		{860604D7-63EA-4F57-815B-57DF4830F212}.Release|Any CPU.Build.0 = Release|Any CPU
		{770FE444-6CC3-44D0-950E-EAF6B7CF7382}.Debug|Any CPU.ActiveCfg = Debug|Any CPU
		{770FE444-6CC3-44D0-950E-EAF6B7CF7382}.Debug|Any CPU.Build.0 = Debug|Any CPU
		{770FE444-6CC3-44D0-950E-EAF6B7CF7382}.Release|Any CPU.ActiveCfg = Release|Any CPU
		{770FE444-6CC3-44D0-950E-EAF6B7CF7382}.Release|Any CPU.Build.0 = Release|Any CPU
		{DE2428C7-5F47-4541-9727-B3AACB14DCD6}.Debug|Any CPU.ActiveCfg = Debug|Any CPU
		{DE2428C7-5F47-4541-9727-B3AACB14DCD6}.Debug|Any CPU.Build.0 = Debug|Any CPU
		{DE2428C7-5F47-4541-9727-B3AACB14DCD6}.Release|Any CPU.ActiveCfg = Release|Any CPU
		{DE2428C7-5F47-4541-9727-B3AACB14DCD6}.Release|Any CPU.Build.0 = Release|Any CPU
	EndGlobalSection
	GlobalSection(SolutionProperties) = preSolution
		HideSolutionNode = FALSE
	EndGlobalSection
EndGlobal
