
Microsoft Visual Studio Solution File, Format Version 12.00
# Visual Studio Version 17
VisualStudioVersion = 17.1.31911.260
MinimumVisualStudioVersion = 10.0.40219.1
Project("{9A19103F-16F7-4668-BE54-9A1E7A4F7556}") = "NEventStore.Core", "..\dependencies\NEventStore\src\NEventStore\NEventStore.Core.csproj", "{6F7B51D5-C6F0-4D10-BCCD-E813F005BF21}"
EndProject
Project("{9A19103F-16F7-4668-BE54-9A1E7A4F7556}") = "NEventStore.Persistence.Sql.Core", "NEventStore.Persistence.Sql\NEventStore.Persistence.Sql.Core.csproj", "{D0482F62-4027-4093-A263-C691ECDDC68F}"
EndProject
Project("{2150E333-8FDC-42A3-9474-1A3956D46DE8}") = "Solution Items", "Solution Items", "{A05F912F-86CC-4106-BEB4-B1856BCA6739}"
	ProjectSection(SolutionItems) = preProject
		.editorconfig = .editorconfig
		..\appveyor.yml = ..\appveyor.yml
		..\Changelog.md = ..\Changelog.md
		.nuget\NEventStore.Persistence.Sql.nuspec = .nuget\NEventStore.Persistence.Sql.nuspec
		..\README.md = ..\README.md
	EndProjectSection
EndProject
Project("{9A19103F-16F7-4668-BE54-9A1E7A4F7556}") = "NEventStore.Persistence.AcceptanceTests.Core", "..\dependencies\NEventStore\src\NEventStore.Persistence.AcceptanceTests\NEventStore.Persistence.AcceptanceTests.Core.csproj", "{8F9CC671-02C9-4C91-889A-6C3D9FB5905D}"
EndProject
Project("{9A19103F-16F7-4668-BE54-9A1E7A4F7556}") = "NEventStore.Persistence.Sql.Core.Tests", "NEventStore.Persistence.Sql.Tests\NEventStore.Persistence.Sql.Core.Tests.csproj", "{B9066BFB-5EED-4625-B032-0FA675B8908C}"
EndProject
Project("{9A19103F-16F7-4668-BE54-9A1E7A4F7556}") = "NEventStore.Persistence.Sqlite.Core.Tests", "NEventStore.Persistence.Sqlite.Tests\NEventStore.Persistence.Sqlite.Core.Tests.csproj", "{02BC2798-2771-4EF3-BEA1-8FA44C37BAB1}"
EndProject
Project("{9A19103F-16F7-4668-BE54-9A1E7A4F7556}") = "NEventStore.Persistence.MsSql.Core.Tests", "NEventStore.Persistence.MsSql.Tests\NEventStore.Persistence.MsSql.Core.Tests.csproj", "{37C7C36D-7262-4C49-A1C5-F31ACF8307E3}"
EndProject
Project("{2150E333-8FDC-42A3-9474-1A3956D46DE8}") = ".core", ".core", "{7B0D03A4-5CB2-4674-AE01-F33F321B6FA4}"
EndProject
Project("{9A19103F-16F7-4668-BE54-9A1E7A4F7556}") = "NEventStore.Persistence.MySql.Core.Tests", "NEventStore.Persistence.MySql.Tests\NEventStore.Persistence.MySql.Core.Tests.csproj", "{440599CA-0C6E-4BA5-A518-289396300373}"
EndProject
Project("{9A19103F-16F7-4668-BE54-9A1E7A4F7556}") = "NEventStore.Persistence.PostgreSql.Core.Tests", "NEventStore.Persistence.PostgreSql.Tests\NEventStore.Persistence.PostgreSql.Core.Tests.csproj", "{E81E631B-AEF4-432D-8A5B-3F75B856F0CB}"
EndProject
Project("{2150E333-8FDC-42A3-9474-1A3956D46DE8}") = ".nuget", ".nuget", "{7C2C7CFB-3AAD-47D3-8357-B17044696816}"
	ProjectSection(SolutionItems) = preProject
		.nuget\NEventStore.Persistence.Sql.nuspec = .nuget\NEventStore.Persistence.Sql.nuspec
	EndProjectSection
EndProject
Project("{2150E333-8FDC-42A3-9474-1A3956D46DE8}") = "docker", "docker", "{C68C813A-B71E-4F21-8CE8-31220D2B3E10}"
	ProjectSection(SolutionItems) = preProject
		..\docker\docker-compose.ci.linux.db.yml = ..\docker\docker-compose.ci.linux.db.yml
		..\docker\docker-compose.ci.windows.db.yml = ..\docker\docker-compose.ci.windows.db.yml
		..\docker\DockerComposeDown.ps1 = ..\docker\DockerComposeDown.ps1
		..\docker\DockerComposeUp.ps1 = ..\docker\DockerComposeUp.ps1
		..\docker\Readme.md = ..\docker\Readme.md
	EndProjectSection
EndProject
Global
	GlobalSection(SolutionConfigurationPlatforms) = preSolution
		Debug|Any CPU = Debug|Any CPU
		Release|Any CPU = Release|Any CPU
	EndGlobalSection
	GlobalSection(ProjectConfigurationPlatforms) = postSolution
		{6F7B51D5-C6F0-4D10-BCCD-E813F005BF21}.Debug|Any CPU.ActiveCfg = Debug|Any CPU
		{6F7B51D5-C6F0-4D10-BCCD-E813F005BF21}.Debug|Any CPU.Build.0 = Debug|Any CPU
		{6F7B51D5-C6F0-4D10-BCCD-E813F005BF21}.Release|Any CPU.ActiveCfg = Release|Any CPU
		{6F7B51D5-C6F0-4D10-BCCD-E813F005BF21}.Release|Any CPU.Build.0 = Release|Any CPU
		{D0482F62-4027-4093-A263-C691ECDDC68F}.Debug|Any CPU.ActiveCfg = Debug|Any CPU
		{D0482F62-4027-4093-A263-C691ECDDC68F}.Debug|Any CPU.Build.0 = Debug|Any CPU
		{D0482F62-4027-4093-A263-C691ECDDC68F}.Release|Any CPU.ActiveCfg = Release|Any CPU
		{D0482F62-4027-4093-A263-C691ECDDC68F}.Release|Any CPU.Build.0 = Release|Any CPU
		{8F9CC671-02C9-4C91-889A-6C3D9FB5905D}.Debug|Any CPU.ActiveCfg = Debug|Any CPU
		{8F9CC671-02C9-4C91-889A-6C3D9FB5905D}.Debug|Any CPU.Build.0 = Debug|Any CPU
		{8F9CC671-02C9-4C91-889A-6C3D9FB5905D}.Release|Any CPU.ActiveCfg = Release|Any CPU
		{8F9CC671-02C9-4C91-889A-6C3D9FB5905D}.Release|Any CPU.Build.0 = Release|Any CPU
		{B9066BFB-5EED-4625-B032-0FA675B8908C}.Debug|Any CPU.ActiveCfg = Debug|Any CPU
		{B9066BFB-5EED-4625-B032-0FA675B8908C}.Debug|Any CPU.Build.0 = Debug|Any CPU
		{B9066BFB-5EED-4625-B032-0FA675B8908C}.Release|Any CPU.ActiveCfg = Release|Any CPU
		{B9066BFB-5EED-4625-B032-0FA675B8908C}.Release|Any CPU.Build.0 = Release|Any CPU
		{02BC2798-2771-4EF3-BEA1-8FA44C37BAB1}.Debug|Any CPU.ActiveCfg = Debug|Any CPU
		{02BC2798-2771-4EF3-BEA1-8FA44C37BAB1}.Debug|Any CPU.Build.0 = Debug|Any CPU
		{02BC2798-2771-4EF3-BEA1-8FA44C37BAB1}.Release|Any CPU.ActiveCfg = Release|Any CPU
		{02BC2798-2771-4EF3-BEA1-8FA44C37BAB1}.Release|Any CPU.Build.0 = Release|Any CPU
		{37C7C36D-7262-4C49-A1C5-F31ACF8307E3}.Debug|Any CPU.ActiveCfg = Debug|Any CPU
		{37C7C36D-7262-4C49-A1C5-F31ACF8307E3}.Debug|Any CPU.Build.0 = Debug|Any CPU
		{37C7C36D-7262-4C49-A1C5-F31ACF8307E3}.Release|Any CPU.ActiveCfg = Release|Any CPU
		{37C7C36D-7262-4C49-A1C5-F31ACF8307E3}.Release|Any CPU.Build.0 = Release|Any CPU
		{440599CA-0C6E-4BA5-A518-289396300373}.Debug|Any CPU.ActiveCfg = Debug|Any CPU
		{440599CA-0C6E-4BA5-A518-289396300373}.Debug|Any CPU.Build.0 = Debug|Any CPU
		{440599CA-0C6E-4BA5-A518-289396300373}.Release|Any CPU.ActiveCfg = Release|Any CPU
		{440599CA-0C6E-4BA5-A518-289396300373}.Release|Any CPU.Build.0 = Release|Any CPU
		{E81E631B-AEF4-432D-8A5B-3F75B856F0CB}.Debug|Any CPU.ActiveCfg = Debug|Any CPU
		{E81E631B-AEF4-432D-8A5B-3F75B856F0CB}.Debug|Any CPU.Build.0 = Debug|Any CPU
		{E81E631B-AEF4-432D-8A5B-3F75B856F0CB}.Release|Any CPU.ActiveCfg = Release|Any CPU
		{E81E631B-AEF4-432D-8A5B-3F75B856F0CB}.Release|Any CPU.Build.0 = Release|Any CPU
	EndGlobalSection
	GlobalSection(SolutionProperties) = preSolution
		HideSolutionNode = FALSE
	EndGlobalSection
	GlobalSection(NestedProjects) = preSolution
		{6F7B51D5-C6F0-4D10-BCCD-E813F005BF21} = {7B0D03A4-5CB2-4674-AE01-F33F321B6FA4}
		{8F9CC671-02C9-4C91-889A-6C3D9FB5905D} = {7B0D03A4-5CB2-4674-AE01-F33F321B6FA4}
		{C68C813A-B71E-4F21-8CE8-31220D2B3E10} = {A05F912F-86CC-4106-BEB4-B1856BCA6739}
	EndGlobalSection
	GlobalSection(ExtensibilityGlobals) = postSolution
		SolutionGuid = {B46B87FE-AC30-4F44-A951-896E9276AB28}
	EndGlobalSection
EndGlobal
